
Microsoft Visual Studio Solution File, Format Version 12.00
# Visual Studio 14
VisualStudioVersion = 14.0.25123.0
MinimumVisualStudioVersion = 10.0.40219.1
Project("{8BC9CEB8-8B4A-11D0-8D11-00A0C91BC942}") = "Binary", "Binary\Binary.vcxproj", "{B6F57FF9-83F9-41FC-855B-0B4BC68140C7}"
EndProject
Project("{8BC9CEB8-8B4A-11D0-8D11-00A0C91BC942}") = "Vectors", "Vectors\Vectors.vcxproj", "{FDA364BF-C1ED-4816-8A90-54E9A456FFCD}"
EndProject
Project("{8BC9CEB8-8B4A-11D0-8D11-00A0C91BC942}") = "Matrices", "Matrices\Matrices.vcxproj", "{5230C6AD-E7F2-446D-B019-8A955052C9B6}"
EndProject
Project("{8BC9CEB8-8B4A-11D0-8D11-00A0C91BC942}") = "VectorsClassExample", "VectorsClassExample\VectorsClassExample.vcxproj", "{8CE2AD83-B2AD-4B63-8BFA-3D7C57ADA6F9}"
EndProject
Project("{8BC9CEB8-8B4A-11D0-8D11-00A0C91BC942}") = "Gist1", "Gist1\Gist1.vcxproj", "{C02D6828-23F6-4418-AF23-42197CDD7BE5}"
EndProject
Project("{8BC9CEB8-8B4A-11D0-8D11-00A0C91BC942}") = "Practice", "Practice\Practice.vcxproj", "{FF13C55F-9902-4D86-B9A4-A28089F44EE1}"
EndProject
Global
	GlobalSection(SolutionConfigurationPlatforms) = preSolution
		Debug|x64 = Debug|x64
		Debug|x86 = Debug|x86
		Release|x64 = Release|x64
		Release|x86 = Release|x86
	EndGlobalSection
	GlobalSection(ProjectConfigurationPlatforms) = postSolution
		{B6F57FF9-83F9-41FC-855B-0B4BC68140C7}.Debug|x64.ActiveCfg = Debug|x64
		{B6F57FF9-83F9-41FC-855B-0B4BC68140C7}.Debug|x64.Build.0 = Debug|x64
		{B6F57FF9-83F9-41FC-855B-0B4BC68140C7}.Debug|x86.ActiveCfg = Debug|Win32
		{B6F57FF9-83F9-41FC-855B-0B4BC68140C7}.Debug|x86.Build.0 = Debug|Win32
		{B6F57FF9-83F9-41FC-855B-0B4BC68140C7}.Release|x64.ActiveCfg = Release|x64
		{B6F57FF9-83F9-41FC-855B-0B4BC68140C7}.Release|x64.Build.0 = Release|x64
		{B6F57FF9-83F9-41FC-855B-0B4BC68140C7}.Release|x86.ActiveCfg = Release|Win32
		{B6F57FF9-83F9-41FC-855B-0B4BC68140C7}.Release|x86.Build.0 = Release|Win32
		{FDA364BF-C1ED-4816-8A90-54E9A456FFCD}.Debug|x64.ActiveCfg = Debug|x64
		{FDA364BF-C1ED-4816-8A90-54E9A456FFCD}.Debug|x64.Build.0 = Debug|x64
		{FDA364BF-C1ED-4816-8A90-54E9A456FFCD}.Debug|x86.ActiveCfg = Debug|Win32
		{FDA364BF-C1ED-4816-8A90-54E9A456FFCD}.Debug|x86.Build.0 = Debug|Win32
		{FDA364BF-C1ED-4816-8A90-54E9A456FFCD}.Release|x64.ActiveCfg = Release|x64
		{FDA364BF-C1ED-4816-8A90-54E9A456FFCD}.Release|x64.Build.0 = Release|x64
		{FDA364BF-C1ED-4816-8A90-54E9A456FFCD}.Release|x86.ActiveCfg = Release|Win32
		{FDA364BF-C1ED-4816-8A90-54E9A456FFCD}.Release|x86.Build.0 = Release|Win32
		{5230C6AD-E7F2-446D-B019-8A955052C9B6}.Debug|x64.ActiveCfg = Debug|x64
		{5230C6AD-E7F2-446D-B019-8A955052C9B6}.Debug|x64.Build.0 = Debug|x64
		{5230C6AD-E7F2-446D-B019-8A955052C9B6}.Debug|x86.ActiveCfg = Debug|Win32
		{5230C6AD-E7F2-446D-B019-8A955052C9B6}.Debug|x86.Build.0 = Debug|Win32
		{5230C6AD-E7F2-446D-B019-8A955052C9B6}.Release|x64.ActiveCfg = Release|x64
		{5230C6AD-E7F2-446D-B019-8A955052C9B6}.Release|x64.Build.0 = Release|x64
		{5230C6AD-E7F2-446D-B019-8A955052C9B6}.Release|x86.ActiveCfg = Release|Win32
		{5230C6AD-E7F2-446D-B019-8A955052C9B6}.Release|x86.Build.0 = Release|Win32
		{8CE2AD83-B2AD-4B63-8BFA-3D7C57ADA6F9}.Debug|x64.ActiveCfg = Debug|x64
		{8CE2AD83-B2AD-4B63-8BFA-3D7C57ADA6F9}.Debug|x64.Build.0 = Debug|x64
		{8CE2AD83-B2AD-4B63-8BFA-3D7C57ADA6F9}.Debug|x86.ActiveCfg = Debug|Win32
		{8CE2AD83-B2AD-4B63-8BFA-3D7C57ADA6F9}.Debug|x86.Build.0 = Debug|Win32
		{8CE2AD83-B2AD-4B63-8BFA-3D7C57ADA6F9}.Release|x64.ActiveCfg = Release|x64
		{8CE2AD83-B2AD-4B63-8BFA-3D7C57ADA6F9}.Release|x64.Build.0 = Release|x64
		{8CE2AD83-B2AD-4B63-8BFA-3D7C57ADA6F9}.Release|x86.ActiveCfg = Release|Win32
		{8CE2AD83-B2AD-4B63-8BFA-3D7C57ADA6F9}.Release|x86.Build.0 = Release|Win32
		{C02D6828-23F6-4418-AF23-42197CDD7BE5}.Debug|x64.ActiveCfg = Debug|x64
		{C02D6828-23F6-4418-AF23-42197CDD7BE5}.Debug|x64.Build.0 = Debug|x64
		{C02D6828-23F6-4418-AF23-42197CDD7BE5}.Debug|x86.ActiveCfg = Debug|Win32
		{C02D6828-23F6-4418-AF23-42197CDD7BE5}.Debug|x86.Build.0 = Debug|Win32
		{C02D6828-23F6-4418-AF23-42197CDD7BE5}.Release|x64.ActiveCfg = Release|x64
		{C02D6828-23F6-4418-AF23-42197CDD7BE5}.Release|x64.Build.0 = Release|x64
		{C02D6828-23F6-4418-AF23-42197CDD7BE5}.Release|x86.ActiveCfg = Release|Win32
		{C02D6828-23F6-4418-AF23-42197CDD7BE5}.Release|x86.Build.0 = Release|Win32
		{FF13C55F-9902-4D86-B9A4-A28089F44EE1}.Debug|x64.ActiveCfg = Debug|x64
		{FF13C55F-9902-4D86-B9A4-A28089F44EE1}.Debug|x64.Build.0 = Debug|x64
		{FF13C55F-9902-4D86-B9A4-A28089F44EE1}.Debug|x86.ActiveCfg = Debug|Win32
		{FF13C55F-9902-4D86-B9A4-A28089F44EE1}.Debug|x86.Build.0 = Debug|Win32
		{FF13C55F-9902-4D86-B9A4-A28089F44EE1}.Release|x64.ActiveCfg = Release|x64
		{FF13C55F-9902-4D86-B9A4-A28089F44EE1}.Release|x64.Build.0 = Release|x64
		{FF13C55F-9902-4D86-B9A4-A28089F44EE1}.Release|x86.ActiveCfg = Release|Win32
		{FF13C55F-9902-4D86-B9A4-A28089F44EE1}.Release|x86.Build.0 = Release|Win32
	EndGlobalSection
	GlobalSection(SolutionProperties) = preSolution
		HideSolutionNode = FALSE
	EndGlobalSection
EndGlobal
